// !$*UTF8*$!
{
	archiveVersion = 1;
	classes = {
	};
	objectVersion = 46;
	objects = {

/* Begin PBXBuildFile section */
		0200FB8A1D1AD5C500798AAA /* Parent.swift in Sources */ = {isa = PBXBuildFile; fileRef = 0200FB891D1AD5C500798AAA /* Parent.swift */; };
		020F98601D2FD9850083F237 /* subButton.swift in Sources */ = {isa = PBXBuildFile; fileRef = 020F985F1D2FD9850083F237 /* subButton.swift */; };
		024252BE1D13162400C0DE09 /* AppDelegate.swift in Sources */ = {isa = PBXBuildFile; fileRef = 024252BD1D13162400C0DE09 /* AppDelegate.swift */; };
		024252C71D13162400C0DE09 /* Assets.xcassets in Resources */ = {isa = PBXBuildFile; fileRef = 024252C61D13162400C0DE09 /* Assets.xcassets */; };
		024252CA1D13162400C0DE09 /* LaunchScreen.storyboard in Resources */ = {isa = PBXBuildFile; fileRef = 024252C81D13162400C0DE09 /* LaunchScreen.storyboard */; };
		024252D51D13162400C0DE09 /* Vigilant_SupportTests.swift in Sources */ = {isa = PBXBuildFile; fileRef = 024252D41D13162400C0DE09 /* Vigilant_SupportTests.swift */; };
		024252E01D13162400C0DE09 /* Vigilant_SupportUITests.swift in Sources */ = {isa = PBXBuildFile; fileRef = 024252DF1D13162400C0DE09 /* Vigilant_SupportUITests.swift */; };
		024252EE1D13171C00C0DE09 /* loginController.swift in Sources */ = {isa = PBXBuildFile; fileRef = 024252ED1D13171C00C0DE09 /* loginController.swift */; };
		02836B8B1D351ECC00B2518E /* Logo_Sans_background.png in Resources */ = {isa = PBXBuildFile; fileRef = 02836B8A1D351ECC00B2518E /* Logo_Sans_background.png */; };
		0285B2581D46A0BF003BD10A /* updatePasswordController.swift in Sources */ = {isa = PBXBuildFile; fileRef = 0285B2571D46A0BF003BD10A /* updatePasswordController.swift */; };
		02993A361D19A1DF001C3615 /* GlobalV.swift in Sources */ = {isa = PBXBuildFile; fileRef = 02993A351D19A1DF001C3615 /* GlobalV.swift */; };
		02993A3C1D19B2B9001C3615 /* Person.swift in Sources */ = {isa = PBXBuildFile; fileRef = 02993A3B1D19B2B9001C3615 /* Person.swift */; };
		02C21A2D1D3A8FB900F453B2 /* ProjectTableViewController.swift in Sources */ = {isa = PBXBuildFile; fileRef = 02C21A2C1D3A8FB900F453B2 /* ProjectTableViewController.swift */; };
		02C21A2F1D3A94F300F453B2 /* PersonCardCell.swift in Sources */ = {isa = PBXBuildFile; fileRef = 02C21A2E1D3A94F300F453B2 /* PersonCardCell.swift */; };
		02C21A311D3D04C600F453B2 /* LoadProjectController.swift in Sources */ = {isa = PBXBuildFile; fileRef = 02C21A301D3D04C600F453B2 /* LoadProjectController.swift */; };
		02C21A341D3D0C9500F453B2 /* Main.storyboard in Resources */ = {isa = PBXBuildFile; fileRef = 02C21A321D3D0C9500F453B2 /* Main.storyboard */; };
		02EEAC951D3D644000E57B3A /* facebook-default-no-profile-pic (1).jpg in Resources */ = {isa = PBXBuildFile; fileRef = 02EEAC941D3D644000E57B3A /* facebook-default-no-profile-pic (1).jpg */; };
		02EEC5871D58E6D90082DD07 /* vHub_transparent.png in Resources */ = {isa = PBXBuildFile; fileRef = 02EEC5861D58E6D90082DD07 /* vHub_transparent.png */; };
		02EEC5891D58F82F0082DD07 /* Resized-CQXB7.png in Resources */ = {isa = PBXBuildFile; fileRef = 02EEC5881D58F82F0082DD07 /* Resized-CQXB7.png */; };
		02EEC5901D5CEBC40082DD07 /* vHub_Powered.png in Resources */ = {isa = PBXBuildFile; fileRef = 02EEC58F1D5CEBC40082DD07 /* vHub_Powered.png */; };
		23CB331CF2F5DA8594EBE3FA /* Pods_Vigilant_SupportTests.framework in Frameworks */ = {isa = PBXBuildFile; fileRef = 1F93ACE17F68AE0361B7E85E /* Pods_Vigilant_SupportTests.framework */; };
		7FCE3948B30BCE1B2E11F83C /* Pods_Vigilant_Support.framework in Frameworks */ = {isa = PBXBuildFile; fileRef = 06EB92382890C87A936B7111 /* Pods_Vigilant_Support.framework */; };
		8C11FB8E3852C60CB5BE1BA7 /* Pods_Vigilant_SupportUITests.framework in Frameworks */ = {isa = PBXBuildFile; fileRef = A46E4C4098A8F01425A63DB5 /* Pods_Vigilant_SupportUITests.framework */; };
/* End PBXBuildFile section */

/* Begin PBXContainerItemProxy section */
		024252D11D13162400C0DE09 /* PBXContainerItemProxy */ = {
			isa = PBXContainerItemProxy;
			containerPortal = 024252B21D13162400C0DE09 /* Project object */;
			proxyType = 1;
			remoteGlobalIDString = 024252B91D13162400C0DE09;
			remoteInfo = "Vigilant Support";
		};
		024252DC1D13162400C0DE09 /* PBXContainerItemProxy */ = {
			isa = PBXContainerItemProxy;
			containerPortal = 024252B21D13162400C0DE09 /* Project object */;
			proxyType = 1;
			remoteGlobalIDString = 024252B91D13162400C0DE09;
			remoteInfo = "Vigilant Support";
		};
/* End PBXContainerItemProxy section */

/* Begin PBXFileReference section */
		0200FB891D1AD5C500798AAA /* Parent.swift */ = {isa = PBXFileReference; fileEncoding = 4; lastKnownFileType = sourcecode.swift; path = Parent.swift; sourceTree = "<group>"; };
		020F985F1D2FD9850083F237 /* subButton.swift */ = {isa = PBXFileReference; fileEncoding = 4; lastKnownFileType = sourcecode.swift; path = subButton.swift; sourceTree = "<group>"; };
		024252BA1D13162400C0DE09 /* Vhub.app */ = {isa = PBXFileReference; explicitFileType = wrapper.application; includeInIndex = 0; path = Vhub.app; sourceTree = BUILT_PRODUCTS_DIR; };
		024252BD1D13162400C0DE09 /* AppDelegate.swift */ = {isa = PBXFileReference; lastKnownFileType = sourcecode.swift; path = AppDelegate.swift; sourceTree = "<group>"; };
		024252C61D13162400C0DE09 /* Assets.xcassets */ = {isa = PBXFileReference; lastKnownFileType = folder.assetcatalog; path = Assets.xcassets; sourceTree = "<group>"; };
		024252C91D13162400C0DE09 /* Base */ = {isa = PBXFileReference; lastKnownFileType = file.storyboard; name = Base; path = Base.lproj/LaunchScreen.storyboard; sourceTree = "<group>"; };
		024252CB1D13162400C0DE09 /* Info.plist */ = {isa = PBXFileReference; lastKnownFileType = text.plist.xml; path = Info.plist; sourceTree = "<group>"; };
		024252D01D13162400C0DE09 /* Vigilant SupportTests.xctest */ = {isa = PBXFileReference; explicitFileType = wrapper.cfbundle; includeInIndex = 0; path = "Vigilant SupportTests.xctest"; sourceTree = BUILT_PRODUCTS_DIR; };
		024252D41D13162400C0DE09 /* Vigilant_SupportTests.swift */ = {isa = PBXFileReference; lastKnownFileType = sourcecode.swift; path = Vigilant_SupportTests.swift; sourceTree = "<group>"; };
		024252D61D13162400C0DE09 /* Info.plist */ = {isa = PBXFileReference; lastKnownFileType = text.plist.xml; path = Info.plist; sourceTree = "<group>"; };
		024252DB1D13162400C0DE09 /* Vigilant SupportUITests.xctest */ = {isa = PBXFileReference; explicitFileType = wrapper.cfbundle; includeInIndex = 0; path = "Vigilant SupportUITests.xctest"; sourceTree = BUILT_PRODUCTS_DIR; };
		024252DF1D13162400C0DE09 /* Vigilant_SupportUITests.swift */ = {isa = PBXFileReference; lastKnownFileType = sourcecode.swift; path = Vigilant_SupportUITests.swift; sourceTree = "<group>"; };
		024252E11D13162400C0DE09 /* Info.plist */ = {isa = PBXFileReference; lastKnownFileType = text.plist.xml; path = Info.plist; sourceTree = "<group>"; };
		024252ED1D13171C00C0DE09 /* loginController.swift */ = {isa = PBXFileReference; fileEncoding = 4; lastKnownFileType = sourcecode.swift; path = loginController.swift; sourceTree = "<group>"; };
		02836B8A1D351ECC00B2518E /* Logo_Sans_background.png */ = {isa = PBXFileReference; lastKnownFileType = image.png; name = Logo_Sans_background.png; path = ../../../../Downloads/Logo_Sans_background.png; sourceTree = "<group>"; };
		0285B2571D46A0BF003BD10A /* updatePasswordController.swift */ = {isa = PBXFileReference; fileEncoding = 4; lastKnownFileType = sourcecode.swift; path = updatePasswordController.swift; sourceTree = "<group>"; };
		02993A351D19A1DF001C3615 /* GlobalV.swift */ = {isa = PBXFileReference; fileEncoding = 4; lastKnownFileType = sourcecode.swift; path = GlobalV.swift; sourceTree = "<group>"; };
		02993A3B1D19B2B9001C3615 /* Person.swift */ = {isa = PBXFileReference; fileEncoding = 4; lastKnownFileType = sourcecode.swift; path = Person.swift; sourceTree = "<group>"; };
		02C21A2C1D3A8FB900F453B2 /* ProjectTableViewController.swift */ = {isa = PBXFileReference; fileEncoding = 4; lastKnownFileType = sourcecode.swift; path = ProjectTableViewController.swift; sourceTree = "<group>"; };
		02C21A2E1D3A94F300F453B2 /* PersonCardCell.swift */ = {isa = PBXFileReference; fileEncoding = 4; lastKnownFileType = sourcecode.swift; path = PersonCardCell.swift; sourceTree = "<group>"; };
		02C21A301D3D04C600F453B2 /* LoadProjectController.swift */ = {isa = PBXFileReference; fileEncoding = 4; lastKnownFileType = sourcecode.swift; path = LoadProjectController.swift; sourceTree = "<group>"; };
		02C21A331D3D0C9500F453B2 /* Base */ = {isa = PBXFileReference; lastKnownFileType = file.storyboard; name = Base; path = Base.lproj/Main.storyboard; sourceTree = "<group>"; };
		02EEAC941D3D644000E57B3A /* facebook-default-no-profile-pic (1).jpg */ = {isa = PBXFileReference; lastKnownFileType = image.jpeg; name = "facebook-default-no-profile-pic (1).jpg"; path = "../../../facebook-default-no-profile-pic (1).jpg"; sourceTree = "<group>"; };
		02EEC5861D58E6D90082DD07 /* vHub_transparent.png */ = {isa = PBXFileReference; lastKnownFileType = image.png; name = vHub_transparent.png; path = ../../../../Downloads/vHub_transparent.png; sourceTree = "<group>"; };
		02EEC5881D58F82F0082DD07 /* Resized-CQXB7.png */ = {isa = PBXFileReference; lastKnownFileType = image.png; name = "Resized-CQXB7.png"; path = "../../../../Downloads/Resized-CQXB7.png"; sourceTree = "<group>"; };
		02EEC58F1D5CEBC40082DD07 /* vHub_Powered.png */ = {isa = PBXFileReference; lastKnownFileType = image.png; name = vHub_Powered.png; path = ../../../../Downloads/vHub_Powered.png; sourceTree = "<group>"; };
		06EB92382890C87A936B7111 /* Pods_Vigilant_Support.framework */ = {isa = PBXFileReference; explicitFileType = wrapper.framework; includeInIndex = 0; path = Pods_Vigilant_Support.framework; sourceTree = BUILT_PRODUCTS_DIR; };
		1F93ACE17F68AE0361B7E85E /* Pods_Vigilant_SupportTests.framework */ = {isa = PBXFileReference; explicitFileType = wrapper.framework; includeInIndex = 0; path = Pods_Vigilant_SupportTests.framework; sourceTree = BUILT_PRODUCTS_DIR; };
		3C6BED6DE8750A5705B68B7B /* Pods-Vigilant SupportTests.release.xcconfig */ = {isa = PBXFileReference; includeInIndex = 1; lastKnownFileType = text.xcconfig; name = "Pods-Vigilant SupportTests.release.xcconfig"; path = "Pods/Target Support Files/Pods-Vigilant SupportTests/Pods-Vigilant SupportTests.release.xcconfig"; sourceTree = "<group>"; };
		3FFF1EA13CA4F6718806FADB /* Pods-Vigilant Support.release.xcconfig */ = {isa = PBXFileReference; includeInIndex = 1; lastKnownFileType = text.xcconfig; name = "Pods-Vigilant Support.release.xcconfig"; path = "Pods/Target Support Files/Pods-Vigilant Support/Pods-Vigilant Support.release.xcconfig"; sourceTree = "<group>"; };
		56AE1E749F49FD02E9940576 /* Pods-Vigilant SupportTests.debug.xcconfig */ = {isa = PBXFileReference; includeInIndex = 1; lastKnownFileType = text.xcconfig; name = "Pods-Vigilant SupportTests.debug.xcconfig"; path = "Pods/Target Support Files/Pods-Vigilant SupportTests/Pods-Vigilant SupportTests.debug.xcconfig"; sourceTree = "<group>"; };
		59DA81820FF1ACC6955AAF07 /* Pods-Vigilant SupportUITests.debug.xcconfig */ = {isa = PBXFileReference; includeInIndex = 1; lastKnownFileType = text.xcconfig; name = "Pods-Vigilant SupportUITests.debug.xcconfig"; path = "Pods/Target Support Files/Pods-Vigilant SupportUITests/Pods-Vigilant SupportUITests.debug.xcconfig"; sourceTree = "<group>"; };
		62FE4B63EBC74BB7D2F691C8 /* Pods-Vigilant Support.debug.xcconfig */ = {isa = PBXFileReference; includeInIndex = 1; lastKnownFileType = text.xcconfig; name = "Pods-Vigilant Support.debug.xcconfig"; path = "Pods/Target Support Files/Pods-Vigilant Support/Pods-Vigilant Support.debug.xcconfig"; sourceTree = "<group>"; };
		A46E4C4098A8F01425A63DB5 /* Pods_Vigilant_SupportUITests.framework */ = {isa = PBXFileReference; explicitFileType = wrapper.framework; includeInIndex = 0; path = Pods_Vigilant_SupportUITests.framework; sourceTree = BUILT_PRODUCTS_DIR; };
		C56B1657F968EB8BA9395374 /* Pods-Vigilant SupportUITests.release.xcconfig */ = {isa = PBXFileReference; includeInIndex = 1; lastKnownFileType = text.xcconfig; name = "Pods-Vigilant SupportUITests.release.xcconfig"; path = "Pods/Target Support Files/Pods-Vigilant SupportUITests/Pods-Vigilant SupportUITests.release.xcconfig"; sourceTree = "<group>"; };
/* End PBXFileReference section */

/* Begin PBXFrameworksBuildPhase section */
		024252B71D13162400C0DE09 /* Frameworks */ = {
			isa = PBXFrameworksBuildPhase;
			buildActionMask = 2147483647;
			files = (
				7FCE3948B30BCE1B2E11F83C /* Pods_Vigilant_Support.framework in Frameworks */,
			);
			runOnlyForDeploymentPostprocessing = 0;
		};
		024252CD1D13162400C0DE09 /* Frameworks */ = {
			isa = PBXFrameworksBuildPhase;
			buildActionMask = 2147483647;
			files = (
				23CB331CF2F5DA8594EBE3FA /* Pods_Vigilant_SupportTests.framework in Frameworks */,
			);
			runOnlyForDeploymentPostprocessing = 0;
		};
		024252D81D13162400C0DE09 /* Frameworks */ = {
			isa = PBXFrameworksBuildPhase;
			buildActionMask = 2147483647;
			files = (
				8C11FB8E3852C60CB5BE1BA7 /* Pods_Vigilant_SupportUITests.framework in Frameworks */,
			);
			runOnlyForDeploymentPostprocessing = 0;
		};
/* End PBXFrameworksBuildPhase section */

/* Begin PBXGroup section */
		024252B11D13162400C0DE09 = {
			isa = PBXGroup;
			children = (
				024252BC1D13162400C0DE09 /* Vigilant Support */,
				024252D31D13162400C0DE09 /* Vigilant SupportTests */,
				024252DE1D13162400C0DE09 /* Vigilant SupportUITests */,
				024252BB1D13162400C0DE09 /* Products */,
				6A149869B8B93CBD79CA7518 /* Pods */,
				60DA8520E620A4403ED3480D /* Frameworks */,
			);
			sourceTree = "<group>";
		};
		024252BB1D13162400C0DE09 /* Products */ = {
			isa = PBXGroup;
			children = (
				024252BA1D13162400C0DE09 /* Vhub.app */,
				024252D01D13162400C0DE09 /* Vigilant SupportTests.xctest */,
				024252DB1D13162400C0DE09 /* Vigilant SupportUITests.xctest */,
			);
			name = Products;
			sourceTree = "<group>";
		};
		024252BC1D13162400C0DE09 /* Vigilant Support */ = {
			isa = PBXGroup;
			children = (
				02EEC58B1D5A2CE10082DD07 /* Pictures */,
				02EEC58E1D5BA9190082DD07 /* Views */,
				02EEC58C1D5A2CEF0082DD07 /* Controllers */,
				02EEC58A1D5A2CC70082DD07 /* Models */,
				024252BD1D13162400C0DE09 /* AppDelegate.swift */,
				02C21A321D3D0C9500F453B2 /* Main.storyboard */,
				024252C61D13162400C0DE09 /* Assets.xcassets */,
				024252C81D13162400C0DE09 /* LaunchScreen.storyboard */,
				024252CB1D13162400C0DE09 /* Info.plist */,
			);
			path = "Vigilant Support";
			sourceTree = "<group>";
		};
		024252D31D13162400C0DE09 /* Vigilant SupportTests */ = {
			isa = PBXGroup;
			children = (
				024252D41D13162400C0DE09 /* Vigilant_SupportTests.swift */,
				024252D61D13162400C0DE09 /* Info.plist */,
			);
			path = "Vigilant SupportTests";
			sourceTree = "<group>";
		};
		024252DE1D13162400C0DE09 /* Vigilant SupportUITests */ = {
			isa = PBXGroup;
			children = (
				024252DF1D13162400C0DE09 /* Vigilant_SupportUITests.swift */,
				024252E11D13162400C0DE09 /* Info.plist */,
			);
			path = "Vigilant SupportUITests";
			sourceTree = "<group>";
		};
		02EEC58A1D5A2CC70082DD07 /* Models */ = {
			isa = PBXGroup;
			children = (
				02993A351D19A1DF001C3615 /* GlobalV.swift */,
				0200FB891D1AD5C500798AAA /* Parent.swift */,
				02993A3B1D19B2B9001C3615 /* Person.swift */,
			);
			name = Models;
			sourceTree = "<group>";
		};
		02EEC58B1D5A2CE10082DD07 /* Pictures */ = {
			isa = PBXGroup;
			children = (
				02EEC58F1D5CEBC40082DD07 /* vHub_Powered.png */,
				02EEC5881D58F82F0082DD07 /* Resized-CQXB7.png */,
				02EEC5861D58E6D90082DD07 /* vHub_transparent.png */,
				02EEAC941D3D644000E57B3A /* facebook-default-no-profile-pic (1).jpg */,
				02836B8A1D351ECC00B2518E /* Logo_Sans_background.png */,
			);
			name = Pictures;
			sourceTree = "<group>";
		};
		02EEC58C1D5A2CEF0082DD07 /* Controllers */ = {
			isa = PBXGroup;
			children = (
				02C21A301D3D04C600F453B2 /* LoadProjectController.swift */,
				02C21A2C1D3A8FB900F453B2 /* ProjectTableViewController.swift */,
				024252ED1D13171C00C0DE09 /* loginController.swift */,
				0285B2571D46A0BF003BD10A /* updatePasswordController.swift */,
			);
			name = Controllers;
			sourceTree = "<group>";
		};
		02EEC58E1D5BA9190082DD07 /* Views */ = {
			isa = PBXGroup;
			children = (
				020F985F1D2FD9850083F237 /* subButton.swift */,
				02C21A2E1D3A94F300F453B2 /* PersonCardCell.swift */,
			);
			name = Views;
			sourceTree = "<group>";
		};
		60DA8520E620A4403ED3480D /* Frameworks */ = {
			isa = PBXGroup;
			children = (
				06EB92382890C87A936B7111 /* Pods_Vigilant_Support.framework */,
				1F93ACE17F68AE0361B7E85E /* Pods_Vigilant_SupportTests.framework */,
				A46E4C4098A8F01425A63DB5 /* Pods_Vigilant_SupportUITests.framework */,
			);
			name = Frameworks;
			sourceTree = "<group>";
		};
		6A149869B8B93CBD79CA7518 /* Pods */ = {
			isa = PBXGroup;
			children = (
				62FE4B63EBC74BB7D2F691C8 /* Pods-Vigilant Support.debug.xcconfig */,
				3FFF1EA13CA4F6718806FADB /* Pods-Vigilant Support.release.xcconfig */,
				56AE1E749F49FD02E9940576 /* Pods-Vigilant SupportTests.debug.xcconfig */,
				3C6BED6DE8750A5705B68B7B /* Pods-Vigilant SupportTests.release.xcconfig */,
				59DA81820FF1ACC6955AAF07 /* Pods-Vigilant SupportUITests.debug.xcconfig */,
				C56B1657F968EB8BA9395374 /* Pods-Vigilant SupportUITests.release.xcconfig */,
			);
			name = Pods;
			sourceTree = "<group>";
		};
/* End PBXGroup section */

/* Begin PBXNativeTarget section */
		024252B91D13162400C0DE09 /* Vigilant Support */ = {
			isa = PBXNativeTarget;
			buildConfigurationList = 024252E41D13162400C0DE09 /* Build configuration list for PBXNativeTarget "Vigilant Support" */;
			buildPhases = (
				D85EF00B98A6EA2988176CE0 /* [CP] Check Pods Manifest.lock */,
				024252B61D13162400C0DE09 /* Sources */,
				024252B71D13162400C0DE09 /* Frameworks */,
				024252B81D13162400C0DE09 /* Resources */,
				063C877BCAFFE91EACAF50EB /* [CP] Embed Pods Frameworks */,
				405BBB9A61C50F731F7CBA8C /* [CP] Copy Pods Resources */,
				02EEC58D1D5A33180082DD07 /* ShellScript */,
			);
			buildRules = (
			);
			dependencies = (
			);
			name = "Vigilant Support";
			productName = "Vigilant Support";
			productReference = 024252BA1D13162400C0DE09 /* Vhub.app */;
			productType = "com.apple.product-type.application";
		};
		024252CF1D13162400C0DE09 /* Vigilant SupportTests */ = {
			isa = PBXNativeTarget;
			buildConfigurationList = 024252E71D13162400C0DE09 /* Build configuration list for PBXNativeTarget "Vigilant SupportTests" */;
			buildPhases = (
				0F3CBB1F3CD9B8689015EAAE /* [CP] Check Pods Manifest.lock */,
				024252CC1D13162400C0DE09 /* Sources */,
				024252CD1D13162400C0DE09 /* Frameworks */,
				024252CE1D13162400C0DE09 /* Resources */,
				26CEC37B951910611779B143 /* [CP] Embed Pods Frameworks */,
				9F6A3D63164E35776BCBF3F3 /* [CP] Copy Pods Resources */,
			);
			buildRules = (
			);
			dependencies = (
				024252D21D13162400C0DE09 /* PBXTargetDependency */,
			);
			name = "Vigilant SupportTests";
			productName = "Vigilant SupportTests";
			productReference = 024252D01D13162400C0DE09 /* Vigilant SupportTests.xctest */;
			productType = "com.apple.product-type.bundle.unit-test";
		};
		024252DA1D13162400C0DE09 /* Vigilant SupportUITests */ = {
			isa = PBXNativeTarget;
			buildConfigurationList = 024252EA1D13162400C0DE09 /* Build configuration list for PBXNativeTarget "Vigilant SupportUITests" */;
			buildPhases = (
				670234533A965CED4FA4911A /* [CP] Check Pods Manifest.lock */,
				024252D71D13162400C0DE09 /* Sources */,
				024252D81D13162400C0DE09 /* Frameworks */,
				024252D91D13162400C0DE09 /* Resources */,
				66A6F61C39AB18A74B046D50 /* [CP] Copy Pods Resources */,
			);
			buildRules = (
			);
			dependencies = (
				024252DD1D13162400C0DE09 /* PBXTargetDependency */,
			);
			name = "Vigilant SupportUITests";
			productName = "Vigilant SupportUITests";
			productReference = 024252DB1D13162400C0DE09 /* Vigilant SupportUITests.xctest */;
			productType = "com.apple.product-type.bundle.ui-testing";
		};
/* End PBXNativeTarget section */

/* Begin PBXProject section */
		024252B21D13162400C0DE09 /* Project object */ = {
			isa = PBXProject;
			attributes = {
				LastSwiftUpdateCheck = 0730;
				LastUpgradeCheck = 0730;
				ORGANIZATIONNAME = "Vigilant Technologies";
				TargetAttributes = {
					024252B91D13162400C0DE09 = {
						CreatedOnToolsVersion = 7.3.1;
						DevelopmentTeam = P29YMHY7UZ;
					};
					024252CF1D13162400C0DE09 = {
						CreatedOnToolsVersion = 7.3.1;
						TestTargetID = 024252B91D13162400C0DE09;
					};
					024252DA1D13162400C0DE09 = {
						CreatedOnToolsVersion = 7.3.1;
						TestTargetID = 024252B91D13162400C0DE09;
					};
				};
			};
			buildConfigurationList = 024252B51D13162400C0DE09 /* Build configuration list for PBXProject "Vigilant Support" */;
			compatibilityVersion = "Xcode 3.2";
			developmentRegion = English;
			hasScannedForEncodings = 0;
			knownRegions = (
				en,
				Base,
			);
			mainGroup = 024252B11D13162400C0DE09;
			productRefGroup = 024252BB1D13162400C0DE09 /* Products */;
			projectDirPath = "";
			projectRoot = "";
			targets = (
				024252B91D13162400C0DE09 /* Vigilant Support */,
				024252CF1D13162400C0DE09 /* Vigilant SupportTests */,
				024252DA1D13162400C0DE09 /* Vigilant SupportUITests */,
			);
		};
/* End PBXProject section */

/* Begin PBXResourcesBuildPhase section */
		024252B81D13162400C0DE09 /* Resources */ = {
			isa = PBXResourcesBuildPhase;
			buildActionMask = 2147483647;
			files = (
				02EEC5891D58F82F0082DD07 /* Resized-CQXB7.png in Resources */,
				024252CA1D13162400C0DE09 /* LaunchScreen.storyboard in Resources */,
				024252C71D13162400C0DE09 /* Assets.xcassets in Resources */,
				02836B8B1D351ECC00B2518E /* Logo_Sans_background.png in Resources */,
				02EEC5871D58E6D90082DD07 /* vHub_transparent.png in Resources */,
				02EEC5901D5CEBC40082DD07 /* vHub_Powered.png in Resources */,
				02C21A341D3D0C9500F453B2 /* Main.storyboard in Resources */,
				02EEAC951D3D644000E57B3A /* facebook-default-no-profile-pic (1).jpg in Resources */,
			);
			runOnlyForDeploymentPostprocessing = 0;
		};
		024252CE1D13162400C0DE09 /* Resources */ = {
			isa = PBXResourcesBuildPhase;
			buildActionMask = 2147483647;
			files = (
			);
			runOnlyForDeploymentPostprocessing = 0;
		};
		024252D91D13162400C0DE09 /* Resources */ = {
			isa = PBXResourcesBuildPhase;
			buildActionMask = 2147483647;
			files = (
			);
			runOnlyForDeploymentPostprocessing = 0;
		};
/* End PBXResourcesBuildPhase section */

/* Begin PBXShellScriptBuildPhase section */
		02EEC58D1D5A33180082DD07 /* ShellScript */ = {
			isa = PBXShellScriptBuildPhase;
			buildActionMask = 2147483647;
			files = (
			);
			inputPaths = (
			);
			outputPaths = (
			);
			runOnlyForDeploymentPostprocessing = 0;
			shellPath = /bin/sh;
			shellScript = "\"${PODS_ROOT}/Fabric/run\" 53657aa7ae213dc3d35e0c6f92c1faf3548cf672 0dfee8a837ae105bd458987d9358d64240252507e2ea56b620436368a2eebe38";
		};
		063C877BCAFFE91EACAF50EB /* [CP] Embed Pods Frameworks */ = {
			isa = PBXShellScriptBuildPhase;
			buildActionMask = 2147483647;
			files = (
			);
			inputPaths = (
			);
			name = "[CP] Embed Pods Frameworks";
			outputPaths = (
			);
			runOnlyForDeploymentPostprocessing = 0;
			shellPath = /bin/sh;
			shellScript = "\"${SRCROOT}/Pods/Target Support Files/Pods-Vigilant Support/Pods-Vigilant Support-frameworks.sh\"\n";
			showEnvVarsInLog = 0;
		};
		0F3CBB1F3CD9B8689015EAAE /* [CP] Check Pods Manifest.lock */ = {
			isa = PBXShellScriptBuildPhase;
			buildActionMask = 2147483647;
			files = (
			);
			inputPaths = (
			);
			name = "[CP] Check Pods Manifest.lock";
			outputPaths = (
			);
			runOnlyForDeploymentPostprocessing = 0;
			shellPath = /bin/sh;
			shellScript = "diff \"${PODS_ROOT}/../Podfile.lock\" \"${PODS_ROOT}/Manifest.lock\" > /dev/null\nif [[ $? != 0 ]] ; then\n    cat << EOM\nerror: The sandbox is not in sync with the Podfile.lock. Run 'pod install' or update your CocoaPods installation.\nEOM\n    exit 1\nfi\n";
			showEnvVarsInLog = 0;
		};
		26CEC37B951910611779B143 /* [CP] Embed Pods Frameworks */ = {
			isa = PBXShellScriptBuildPhase;
			buildActionMask = 2147483647;
			files = (
			);
			inputPaths = (
			);
			name = "[CP] Embed Pods Frameworks";
			outputPaths = (
			);
			runOnlyForDeploymentPostprocessing = 0;
			shellPath = /bin/sh;
			shellScript = "\"${SRCROOT}/Pods/Target Support Files/Pods-Vigilant SupportTests/Pods-Vigilant SupportTests-frameworks.sh\"\n";
			showEnvVarsInLog = 0;
		};
		405BBB9A61C50F731F7CBA8C /* [CP] Copy Pods Resources */ = {
			isa = PBXShellScriptBuildPhase;
			buildActionMask = 2147483647;
			files = (
			);
			inputPaths = (
			);
			name = "[CP] Copy Pods Resources";
			outputPaths = (
			);
			runOnlyForDeploymentPostprocessing = 0;
			shellPath = /bin/sh;
			shellScript = "\"${SRCROOT}/Pods/Target Support Files/Pods-Vigilant Support/Pods-Vigilant Support-resources.sh\"\n";
			showEnvVarsInLog = 0;
		};
		66A6F61C39AB18A74B046D50 /* [CP] Copy Pods Resources */ = {
			isa = PBXShellScriptBuildPhase;
			buildActionMask = 2147483647;
			files = (
			);
			inputPaths = (
			);
			name = "[CP] Copy Pods Resources";
			outputPaths = (
			);
			runOnlyForDeploymentPostprocessing = 0;
			shellPath = /bin/sh;
			shellScript = "\"${SRCROOT}/Pods/Target Support Files/Pods-Vigilant SupportUITests/Pods-Vigilant SupportUITests-resources.sh\"\n";
			showEnvVarsInLog = 0;
		};
		670234533A965CED4FA4911A /* [CP] Check Pods Manifest.lock */ = {
			isa = PBXShellScriptBuildPhase;
			buildActionMask = 2147483647;
			files = (
			);
			inputPaths = (
			);
			name = "[CP] Check Pods Manifest.lock";
			outputPaths = (
			);
			runOnlyForDeploymentPostprocessing = 0;
			shellPath = /bin/sh;
			shellScript = "diff \"${PODS_ROOT}/../Podfile.lock\" \"${PODS_ROOT}/Manifest.lock\" > /dev/null\nif [[ $? != 0 ]] ; then\n    cat << EOM\nerror: The sandbox is not in sync with the Podfile.lock. Run 'pod install' or update your CocoaPods installation.\nEOM\n    exit 1\nfi\n";
			showEnvVarsInLog = 0;
		};
		9F6A3D63164E35776BCBF3F3 /* [CP] Copy Pods Resources */ = {
			isa = PBXShellScriptBuildPhase;
			buildActionMask = 2147483647;
			files = (
			);
			inputPaths = (
			);
			name = "[CP] Copy Pods Resources";
			outputPaths = (
			);
			runOnlyForDeploymentPostprocessing = 0;
			shellPath = /bin/sh;
			shellScript = "\"${SRCROOT}/Pods/Target Support Files/Pods-Vigilant SupportTests/Pods-Vigilant SupportTests-resources.sh\"\n";
			showEnvVarsInLog = 0;
		};
		D85EF00B98A6EA2988176CE0 /* [CP] Check Pods Manifest.lock */ = {
			isa = PBXShellScriptBuildPhase;
			buildActionMask = 2147483647;
			files = (
			);
			inputPaths = (
			);
			name = "[CP] Check Pods Manifest.lock";
			outputPaths = (
			);
			runOnlyForDeploymentPostprocessing = 0;
			shellPath = /bin/sh;
			shellScript = "diff \"${PODS_ROOT}/../Podfile.lock\" \"${PODS_ROOT}/Manifest.lock\" > /dev/null\nif [[ $? != 0 ]] ; then\n    cat << EOM\nerror: The sandbox is not in sync with the Podfile.lock. Run 'pod install' or update your CocoaPods installation.\nEOM\n    exit 1\nfi\n";
			showEnvVarsInLog = 0;
		};
/* End PBXShellScriptBuildPhase section */

/* Begin PBXSourcesBuildPhase section */
		024252B61D13162400C0DE09 /* Sources */ = {
			isa = PBXSourcesBuildPhase;
			buildActionMask = 2147483647;
			files = (
				024252EE1D13171C00C0DE09 /* loginController.swift in Sources */,
				0285B2581D46A0BF003BD10A /* updatePasswordController.swift in Sources */,
				024252BE1D13162400C0DE09 /* AppDelegate.swift in Sources */,
				02993A3C1D19B2B9001C3615 /* Person.swift in Sources */,
				020F98601D2FD9850083F237 /* subButton.swift in Sources */,
				02C21A311D3D04C600F453B2 /* LoadProjectController.swift in Sources */,
				02C21A2F1D3A94F300F453B2 /* PersonCardCell.swift in Sources */,
				02993A361D19A1DF001C3615 /* GlobalV.swift in Sources */,
				0200FB8A1D1AD5C500798AAA /* Parent.swift in Sources */,
				02C21A2D1D3A8FB900F453B2 /* ProjectTableViewController.swift in Sources */,
			);
			runOnlyForDeploymentPostprocessing = 0;
		};
		024252CC1D13162400C0DE09 /* Sources */ = {
			isa = PBXSourcesBuildPhase;
			buildActionMask = 2147483647;
			files = (
				024252D51D13162400C0DE09 /* Vigilant_SupportTests.swift in Sources */,
			);
			runOnlyForDeploymentPostprocessing = 0;
		};
		024252D71D13162400C0DE09 /* Sources */ = {
			isa = PBXSourcesBuildPhase;
			buildActionMask = 2147483647;
			files = (
				024252E01D13162400C0DE09 /* Vigilant_SupportUITests.swift in Sources */,
			);
			runOnlyForDeploymentPostprocessing = 0;
		};
/* End PBXSourcesBuildPhase section */

/* Begin PBXTargetDependency section */
		024252D21D13162400C0DE09 /* PBXTargetDependency */ = {
			isa = PBXTargetDependency;
			target = 024252B91D13162400C0DE09 /* Vigilant Support */;
			targetProxy = 024252D11D13162400C0DE09 /* PBXContainerItemProxy */;
		};
		024252DD1D13162400C0DE09 /* PBXTargetDependency */ = {
			isa = PBXTargetDependency;
			target = 024252B91D13162400C0DE09 /* Vigilant Support */;
			targetProxy = 024252DC1D13162400C0DE09 /* PBXContainerItemProxy */;
		};
/* End PBXTargetDependency section */

/* Begin PBXVariantGroup section */
		024252C81D13162400C0DE09 /* LaunchScreen.storyboard */ = {
			isa = PBXVariantGroup;
			children = (
				024252C91D13162400C0DE09 /* Base */,
			);
			name = LaunchScreen.storyboard;
			sourceTree = "<group>";
		};
		02C21A321D3D0C9500F453B2 /* Main.storyboard */ = {
			isa = PBXVariantGroup;
			children = (
				02C21A331D3D0C9500F453B2 /* Base */,
			);
			name = Main.storyboard;
			sourceTree = "<group>";
		};
/* End PBXVariantGroup section */

/* Begin XCBuildConfiguration section */
		024252E21D13162400C0DE09 /* Debug */ = {
			isa = XCBuildConfiguration;
			buildSettings = {
				ALWAYS_SEARCH_USER_PATHS = NO;
				CLANG_ANALYZER_NONNULL = YES;
				CLANG_CXX_LANGUAGE_STANDARD = "gnu++0x";
				CLANG_CXX_LIBRARY = "libc++";
				CLANG_ENABLE_MODULES = YES;
				CLANG_ENABLE_OBJC_ARC = YES;
				CLANG_WARN_BOOL_CONVERSION = YES;
				CLANG_WARN_CONSTANT_CONVERSION = YES;
				CLANG_WARN_DIRECT_OBJC_ISA_USAGE = YES_ERROR;
				CLANG_WARN_EMPTY_BODY = YES;
				CLANG_WARN_ENUM_CONVERSION = YES;
				CLANG_WARN_INT_CONVERSION = YES;
				CLANG_WARN_OBJC_ROOT_CLASS = YES_ERROR;
				CLANG_WARN_UNREACHABLE_CODE = YES;
				CLANG_WARN__DUPLICATE_METHOD_MATCH = YES;
				"CODE_SIGN_IDENTITY[sdk=iphoneos*]" = "iPhone Developer";
				COPY_PHASE_STRIP = NO;
				DEBUG_INFORMATION_FORMAT = "dwarf-with-dsym";
				ENABLE_STRICT_OBJC_MSGSEND = YES;
				ENABLE_TESTABILITY = YES;
				GCC_C_LANGUAGE_STANDARD = gnu99;
				GCC_DYNAMIC_NO_PIC = NO;
				GCC_NO_COMMON_BLOCKS = YES;
				GCC_OPTIMIZATION_LEVEL = 0;
				GCC_PREPROCESSOR_DEFINITIONS = (
					"DEBUG=1",
					"$(inherited)",
				);
				GCC_WARN_64_TO_32_BIT_CONVERSION = YES;
				GCC_WARN_ABOUT_RETURN_TYPE = YES_ERROR;
				GCC_WARN_UNDECLARED_SELECTOR = YES;
				GCC_WARN_UNINITIALIZED_AUTOS = YES_AGGRESSIVE;
				GCC_WARN_UNUSED_FUNCTION = YES;
				GCC_WARN_UNUSED_VARIABLE = YES;
				IPHONEOS_DEPLOYMENT_TARGET = 9.3;
				MTL_ENABLE_DEBUG_INFO = YES;
				ONLY_ACTIVE_ARCH = YES;
				SDKROOT = iphoneos;
				SWIFT_OPTIMIZATION_LEVEL = "-Onone";
				TARGETED_DEVICE_FAMILY = "1,2";
			};
			name = Debug;
		};
		024252E31D13162400C0DE09 /* Release */ = {
			isa = XCBuildConfiguration;
			buildSettings = {
				ALWAYS_SEARCH_USER_PATHS = NO;
				CLANG_ANALYZER_NONNULL = YES;
				CLANG_CXX_LANGUAGE_STANDARD = "gnu++0x";
				CLANG_CXX_LIBRARY = "libc++";
				CLANG_ENABLE_MODULES = YES;
				CLANG_ENABLE_OBJC_ARC = YES;
				CLANG_WARN_BOOL_CONVERSION = YES;
				CLANG_WARN_CONSTANT_CONVERSION = YES;
				CLANG_WARN_DIRECT_OBJC_ISA_USAGE = YES_ERROR;
				CLANG_WARN_EMPTY_BODY = YES;
				CLANG_WARN_ENUM_CONVERSION = YES;
				CLANG_WARN_INT_CONVERSION = YES;
				CLANG_WARN_OBJC_ROOT_CLASS = YES_ERROR;
				CLANG_WARN_UNREACHABLE_CODE = YES;
				CLANG_WARN__DUPLICATE_METHOD_MATCH = YES;
				"CODE_SIGN_IDENTITY[sdk=iphoneos*]" = "iPhone Developer";
				COPY_PHASE_STRIP = NO;
				DEBUG_INFORMATION_FORMAT = "dwarf-with-dsym";
				ENABLE_NS_ASSERTIONS = NO;
				ENABLE_STRICT_OBJC_MSGSEND = YES;
				GCC_C_LANGUAGE_STANDARD = gnu99;
				GCC_NO_COMMON_BLOCKS = YES;
				GCC_WARN_64_TO_32_BIT_CONVERSION = YES;
				GCC_WARN_ABOUT_RETURN_TYPE = YES_ERROR;
				GCC_WARN_UNDECLARED_SELECTOR = YES;
				GCC_WARN_UNINITIALIZED_AUTOS = YES_AGGRESSIVE;
				GCC_WARN_UNUSED_FUNCTION = YES;
				GCC_WARN_UNUSED_VARIABLE = YES;
				IPHONEOS_DEPLOYMENT_TARGET = 9.3;
				MTL_ENABLE_DEBUG_INFO = NO;
				SDKROOT = iphoneos;
				TARGETED_DEVICE_FAMILY = "1,2";
				VALIDATE_PRODUCT = YES;
			};
			name = Release;
		};
		024252E51D13162400C0DE09 /* Debug */ = {
			isa = XCBuildConfiguration;
			baseConfigurationReference = 62FE4B63EBC74BB7D2F691C8 /* Pods-Vigilant Support.debug.xcconfig */;
			buildSettings = {
				ASSETCATALOG_COMPILER_APPICON_NAME = AppIcon;
				CODE_SIGN_IDENTITY = "iPhone Developer";
				"CODE_SIGN_IDENTITY[sdk=iphoneos*]" = "iPhone Developer";
				INFOPLIST_FILE = "Vigilant Support/Info.plist";
				LD_RUNPATH_SEARCH_PATHS = "$(inherited) @executable_path/Frameworks";
				PRODUCT_BUNDLE_IDENTIFIER = com.vigt.Vhub;
				PRODUCT_NAME = Vhub;
				PROVISIONING_PROFILE = "";
			};
			name = Debug;
		};
		024252E61D13162400C0DE09 /* Release */ = {
			isa = XCBuildConfiguration;
			baseConfigurationReference = 3FFF1EA13CA4F6718806FADB /* Pods-Vigilant Support.release.xcconfig */;
			buildSettings = {
				ASSETCATALOG_COMPILER_APPICON_NAME = AppIcon;
				CODE_SIGN_IDENTITY = "iPhone Developer";
				"CODE_SIGN_IDENTITY[sdk=iphoneos*]" = "iPhone Developer";
				INFOPLIST_FILE = "Vigilant Support/Info.plist";
				LD_RUNPATH_SEARCH_PATHS = "$(inherited) @executable_path/Frameworks";
				PRODUCT_BUNDLE_IDENTIFIER = com.vigt.Vhub;
				PRODUCT_NAME = Vhub;
				PROVISIONING_PROFILE = "";
			};
			name = Release;
		};
		024252E81D13162400C0DE09 /* Debug */ = {
			isa = XCBuildConfiguration;
			baseConfigurationReference = 56AE1E749F49FD02E9940576 /* Pods-Vigilant SupportTests.debug.xcconfig */;
			buildSettings = {
				BUNDLE_LOADER = "$(TEST_HOST)";
				INFOPLIST_FILE = "Vigilant SupportTests/Info.plist";
				LD_RUNPATH_SEARCH_PATHS = "$(inherited) @executable_path/Frameworks @loader_path/Frameworks";
				PRODUCT_BUNDLE_IDENTIFIER = "com.vigt.Vigilant-SupportTests";
				PRODUCT_NAME = "$(TARGET_NAME)";
				TEST_HOST = "$(BUILT_PRODUCTS_DIR)/Vigilant Support.app/Vigilant Support";
			};
			name = Debug;
		};
		024252E91D13162400C0DE09 /* Release */ = {
			isa = XCBuildConfiguration;
			baseConfigurationReference = 3C6BED6DE8750A5705B68B7B /* Pods-Vigilant SupportTests.release.xcconfig */;
			buildSettings = {
				BUNDLE_LOADER = "$(TEST_HOST)";
				INFOPLIST_FILE = "Vigilant SupportTests/Info.plist";
				LD_RUNPATH_SEARCH_PATHS = "$(inherited) @executable_path/Frameworks @loader_path/Frameworks";
				PRODUCT_BUNDLE_IDENTIFIER = "com.vigt.Vigilant-SupportTests";
				PRODUCT_NAME = "$(TARGET_NAME)";
				TEST_HOST = "$(BUILT_PRODUCTS_DIR)/Vigilant Support.app/Vigilant Support";
			};
			name = Release;
		};
		024252EB1D13162400C0DE09 /* Debug */ = {
			isa = XCBuildConfiguration;
			baseConfigurationReference = 59DA81820FF1ACC6955AAF07 /* Pods-Vigilant SupportUITests.debug.xcconfig */;
			buildSettings = {
				INFOPLIST_FILE = "Vigilant SupportUITests/Info.plist";
				LD_RUNPATH_SEARCH_PATHS = "$(inherited) @executable_path/Frameworks @loader_path/Frameworks";
				PRODUCT_BUNDLE_IDENTIFIER = "com.vigt.Vigilant-SupportUITests";
				PRODUCT_NAME = "$(TARGET_NAME)";
				TEST_TARGET_NAME = "Vigilant Support";
			};
			name = Debug;
		};
		024252EC1D13162400C0DE09 /* Release */ = {
			isa = XCBuildConfiguration;
			baseConfigurationReference = C56B1657F968EB8BA9395374 /* Pods-Vigilant SupportUITests.release.xcconfig */;
			buildSettings = {
				INFOPLIST_FILE = "Vigilant SupportUITests/Info.plist";
				LD_RUNPATH_SEARCH_PATHS = "$(inherited) @executable_path/Frameworks @loader_path/Frameworks";
				PRODUCT_BUNDLE_IDENTIFIER = "com.vigt.Vigilant-SupportUITests";
				PRODUCT_NAME = "$(TARGET_NAME)";
				TEST_TARGET_NAME = "Vigilant Support";
			};
			name = Release;
		};
/* End XCBuildConfiguration section */

/* Begin XCConfigurationList section */
		024252B51D13162400C0DE09 /* Build configuration list for PBXProject "Vigilant Support" */ = {
			isa = XCConfigurationList;
			buildConfigurations = (
				024252E21D13162400C0DE09 /* Debug */,
				024252E31D13162400C0DE09 /* Release */,
			);
			defaultConfigurationIsVisible = 0;
			defaultConfigurationName = Release;
		};
		024252E41D13162400C0DE09 /* Build configuration list for PBXNativeTarget "Vigilant Support" */ = {
			isa = XCConfigurationList;
			buildConfigurations = (
				024252E51D13162400C0DE09 /* Debug */,
				024252E61D13162400C0DE09 /* Release */,
			);
			defaultConfigurationIsVisible = 0;
			defaultConfigurationName = Release;
		};
		024252E71D13162400C0DE09 /* Build configuration list for PBXNativeTarget "Vigilant SupportTests" */ = {
			isa = XCConfigurationList;
			buildConfigurations = (
				024252E81D13162400C0DE09 /* Debug */,
				024252E91D13162400C0DE09 /* Release */,
			);
			defaultConfigurationIsVisible = 0;
			defaultConfigurationName = Release;
		};
		024252EA1D13162400C0DE09 /* Build configuration list for PBXNativeTarget "Vigilant SupportUITests" */ = {
			isa = XCConfigurationList;
			buildConfigurations = (
				024252EB1D13162400C0DE09 /* Debug */,
				024252EC1D13162400C0DE09 /* Release */,
			);
			defaultConfigurationIsVisible = 0;
			defaultConfigurationName = Release;
		};
/* End XCConfigurationList section */
	};
	rootObject = 024252B21D13162400C0DE09 /* Project object */;
}
